
Microsoft Visual Studio Solution File, Format Version 12.00
# Visual Studio Version 17
VisualStudioVersion = 17.1.32210.238
MinimumVisualStudioVersion = 10.0.40219.1
Project("{9A19103F-16F7-4668-BE54-9A1E7A4F7556}") = "1012", "ConsoleApp1\1012.csproj", "{F8531A99-8372-4547-A6CD-81165CB15976}"
EndProject
Project("{9A19103F-16F7-4668-BE54-9A1E7A4F7556}") = "1013", "1013\1013.csproj", "{D20E1645-6750-422D-B712-7E30B8BCE084}"
EndProject
Project("{9A19103F-16F7-4668-BE54-9A1E7A4F7556}") = "1014", "10143\1014.csproj", "{6395837C-ECCC-48EA-89FE-FBD1D697A5CB}"
EndProject
Project("{9A19103F-16F7-4668-BE54-9A1E7A4F7556}") = "1015", "1015\1015.csproj", "{41D4614E-810E-4092-89A2-AC719D168C73}"
EndProject
Project("{FAE04EC0-301F-11D3-BF4B-00C04F79EFBC}") = "1016", "1016\1016.csproj", "{E4CEE69A-974B-4649-80E4-684C4A9AFA0B}"
EndProject
Project("{FAE04EC0-301F-11D3-BF4B-00C04F79EFBC}") = "1017", "1017\1017.csproj", "{79FA4246-4501-48E9-B4BA-EB9C6681BAD5}"
EndProject
Global
	GlobalSection(SolutionConfigurationPlatforms) = preSolution
		Debug|Any CPU = Debug|Any CPU
		Release|Any CPU = Release|Any CPU
	EndGlobalSection
	GlobalSection(ProjectConfigurationPlatforms) = postSolution
		{F8531A99-8372-4547-A6CD-81165CB15976}.Debug|Any CPU.ActiveCfg = Debug|Any CPU
		{F8531A99-8372-4547-A6CD-81165CB15976}.Debug|Any CPU.Build.0 = Debug|Any CPU
		{F8531A99-8372-4547-A6CD-81165CB15976}.Release|Any CPU.ActiveCfg = Release|Any CPU
		{F8531A99-8372-4547-A6CD-81165CB15976}.Release|Any CPU.Build.0 = Release|Any CPU
		{D20E1645-6750-422D-B712-7E30B8BCE084}.Debug|Any CPU.ActiveCfg = Debug|Any CPU
		{D20E1645-6750-422D-B712-7E30B8BCE084}.Debug|Any CPU.Build.0 = Debug|Any CPU
		{D20E1645-6750-422D-B712-7E30B8BCE084}.Release|Any CPU.ActiveCfg = Release|Any CPU
		{D20E1645-6750-422D-B712-7E30B8BCE084}.Release|Any CPU.Build.0 = Release|Any CPU
		{6395837C-ECCC-48EA-89FE-FBD1D697A5CB}.Debug|Any CPU.ActiveCfg = Debug|Any CPU
		{6395837C-ECCC-48EA-89FE-FBD1D697A5CB}.Debug|Any CPU.Build.0 = Debug|Any CPU
		{6395837C-ECCC-48EA-89FE-FBD1D697A5CB}.Release|Any CPU.ActiveCfg = Release|Any CPU
		{6395837C-ECCC-48EA-89FE-FBD1D697A5CB}.Release|Any CPU.Build.0 = Release|Any CPU
		{41D4614E-810E-4092-89A2-AC719D168C73}.Debug|Any CPU.ActiveCfg = Debug|Any CPU
		{41D4614E-810E-4092-89A2-AC719D168C73}.Debug|Any CPU.Build.0 = Debug|Any CPU
		{41D4614E-810E-4092-89A2-AC719D168C73}.Release|Any CPU.ActiveCfg = Release|Any CPU
		{41D4614E-810E-4092-89A2-AC719D168C73}.Release|Any CPU.Build.0 = Release|Any CPU
		{E4CEE69A-974B-4649-80E4-684C4A9AFA0B}.Debug|Any CPU.ActiveCfg = Debug|Any CPU
		{E4CEE69A-974B-4649-80E4-684C4A9AFA0B}.Debug|Any CPU.Build.0 = Debug|Any CPU
		{E4CEE69A-974B-4649-80E4-684C4A9AFA0B}.Release|Any CPU.ActiveCfg = Release|Any CPU
		{E4CEE69A-974B-4649-80E4-684C4A9AFA0B}.Release|Any CPU.Build.0 = Release|Any CPU
		{79FA4246-4501-48E9-B4BA-EB9C6681BAD5}.Debug|Any CPU.ActiveCfg = Debug|Any CPU
		{79FA4246-4501-48E9-B4BA-EB9C6681BAD5}.Debug|Any CPU.Build.0 = Debug|Any CPU
		{79FA4246-4501-48E9-B4BA-EB9C6681BAD5}.Release|Any CPU.ActiveCfg = Release|Any CPU
		{79FA4246-4501-48E9-B4BA-EB9C6681BAD5}.Release|Any CPU.Build.0 = Release|Any CPU
	EndGlobalSection
	GlobalSection(SolutionProperties) = preSolution
		HideSolutionNode = FALSE
	EndGlobalSection
	GlobalSection(ExtensibilityGlobals) = postSolution
		SolutionGuid = {CB1DD79C-C337-4EDC-955B-652468B1D047}
	EndGlobalSection
EndGlobal
