
Microsoft Visual Studio Solution File, Format Version 12.00
# Visual Studio Version 17
VisualStudioVersion = 17.1.32210.238
MinimumVisualStudioVersion = 10.0.40219.1
Project("{9A19103F-16F7-4668-BE54-9A1E7A4F7556}") = "01-ByteBank", "01-ByteBank\01-ByteBank.csproj", "{26CB99BE-0EBA-41EC-A539-D4CB006731AA}"
EndProject
Project("{9A19103F-16F7-4668-BE54-9A1E7A4F7556}") = "02-ByteBank", "02-ByteBank\02-ByteBank.csproj", "{A72758A5-9DF4-4779-944F-2AFC6BD29B98}"
EndProject
Project("{9A19103F-16F7-4668-BE54-9A1E7A4F7556}") = "03-ByteBank", "03-ByteBank\03-ByteBank.csproj", "{2CA6FFFC-3613-42C8-A0DE-730E9ACC2D5D}"
EndProject
Project("{9A19103F-16F7-4668-BE54-9A1E7A4F7556}") = "04-ByteBank", "04-ByteBank\04-ByteBank.csproj", "{A5AF21FC-FF6D-418C-A810-8CFB1F62648F}"
EndProject
Project("{FAE04EC0-301F-11D3-BF4B-00C04F79EFBC}") = "05-ByteBank", "05-ByteBank\05-ByteBank.csproj", "{A1C03454-7CC2-4F85-AF76-70FF3EC7F9F6}"
EndProject
Project("{FAE04EC0-301F-11D3-BF4B-00C04F79EFBC}") = "06-ByteBank", "06-ByteBank\06-ByteBank.csproj", "{65035C3D-0D49-436E-A8CE-96163BA5BC5F}"
EndProject
Project("{FAE04EC0-301F-11D3-BF4B-00C04F79EFBC}") = "07-ByteBank", "07-ByteBank\07-ByteBank.csproj", "{E8F6FB1A-6193-4425-9ED8-7E9EB43E275B}"
EndProject
Global
	GlobalSection(SolutionConfigurationPlatforms) = preSolution
		Debug|Any CPU = Debug|Any CPU
		Release|Any CPU = Release|Any CPU
	EndGlobalSection
	GlobalSection(ProjectConfigurationPlatforms) = postSolution
		{26CB99BE-0EBA-41EC-A539-D4CB006731AA}.Debug|Any CPU.ActiveCfg = Debug|Any CPU
		{26CB99BE-0EBA-41EC-A539-D4CB006731AA}.Debug|Any CPU.Build.0 = Debug|Any CPU
		{26CB99BE-0EBA-41EC-A539-D4CB006731AA}.Release|Any CPU.ActiveCfg = Release|Any CPU
		{26CB99BE-0EBA-41EC-A539-D4CB006731AA}.Release|Any CPU.Build.0 = Release|Any CPU
		{A72758A5-9DF4-4779-944F-2AFC6BD29B98}.Debug|Any CPU.ActiveCfg = Debug|Any CPU
		{A72758A5-9DF4-4779-944F-2AFC6BD29B98}.Debug|Any CPU.Build.0 = Debug|Any CPU
		{A72758A5-9DF4-4779-944F-2AFC6BD29B98}.Release|Any CPU.ActiveCfg = Release|Any CPU
		{A72758A5-9DF4-4779-944F-2AFC6BD29B98}.Release|Any CPU.Build.0 = Release|Any CPU
		{2CA6FFFC-3613-42C8-A0DE-730E9ACC2D5D}.Debug|Any CPU.ActiveCfg = Debug|Any CPU
		{2CA6FFFC-3613-42C8-A0DE-730E9ACC2D5D}.Debug|Any CPU.Build.0 = Debug|Any CPU
		{2CA6FFFC-3613-42C8-A0DE-730E9ACC2D5D}.Release|Any CPU.ActiveCfg = Release|Any CPU
		{2CA6FFFC-3613-42C8-A0DE-730E9ACC2D5D}.Release|Any CPU.Build.0 = Release|Any CPU
		{A5AF21FC-FF6D-418C-A810-8CFB1F62648F}.Debug|Any CPU.ActiveCfg = Debug|Any CPU
		{A5AF21FC-FF6D-418C-A810-8CFB1F62648F}.Debug|Any CPU.Build.0 = Debug|Any CPU
		{A5AF21FC-FF6D-418C-A810-8CFB1F62648F}.Release|Any CPU.ActiveCfg = Release|Any CPU
		{A5AF21FC-FF6D-418C-A810-8CFB1F62648F}.Release|Any CPU.Build.0 = Release|Any CPU
		{A1C03454-7CC2-4F85-AF76-70FF3EC7F9F6}.Debug|Any CPU.ActiveCfg = Debug|Any CPU
		{A1C03454-7CC2-4F85-AF76-70FF3EC7F9F6}.Debug|Any CPU.Build.0 = Debug|Any CPU
		{A1C03454-7CC2-4F85-AF76-70FF3EC7F9F6}.Release|Any CPU.ActiveCfg = Release|Any CPU
		{A1C03454-7CC2-4F85-AF76-70FF3EC7F9F6}.Release|Any CPU.Build.0 = Release|Any CPU
		{65035C3D-0D49-436E-A8CE-96163BA5BC5F}.Debug|Any CPU.ActiveCfg = Debug|Any CPU
		{65035C3D-0D49-436E-A8CE-96163BA5BC5F}.Debug|Any CPU.Build.0 = Debug|Any CPU
		{65035C3D-0D49-436E-A8CE-96163BA5BC5F}.Release|Any CPU.ActiveCfg = Release|Any CPU
		{65035C3D-0D49-436E-A8CE-96163BA5BC5F}.Release|Any CPU.Build.0 = Release|Any CPU
		{E8F6FB1A-6193-4425-9ED8-7E9EB43E275B}.Debug|Any CPU.ActiveCfg = Debug|Any CPU
		{E8F6FB1A-6193-4425-9ED8-7E9EB43E275B}.Debug|Any CPU.Build.0 = Debug|Any CPU
		{E8F6FB1A-6193-4425-9ED8-7E9EB43E275B}.Release|Any CPU.ActiveCfg = Release|Any CPU
		{E8F6FB1A-6193-4425-9ED8-7E9EB43E275B}.Release|Any CPU.Build.0 = Release|Any CPU
	EndGlobalSection
	GlobalSection(SolutionProperties) = preSolution
		HideSolutionNode = FALSE
	EndGlobalSection
	GlobalSection(ExtensibilityGlobals) = postSolution
		SolutionGuid = {B3FDBD21-15FA-45DC-A9CF-E59F0728FD3C}
	EndGlobalSection
EndGlobal
